# @generated - this file is auto-generated by `mise lock` https://mise.en.dev/dev-tools/mise-lock.html

[[tools."aqua:go-task/task"]]
version = "3.51.1"
backend = "aqua:go-task/task"

[tools."aqua:go-task/task"."platforms.linux-arm64"]
checksum = "sha256:49c58bb00eff2449a5553f3b3e694fc424e0dc04d5c669d8831126daee1000f8"
url = "https://github.com/go-task/task/releases/download/v3.51.1/task_linux_arm64.tar.gz"

[tools."aqua:go-task/task"."platforms.linux-arm64-musl"]
checksum = "sha256:49c58bb00eff2449a5553f3b3e694fc424e0dc04d5c669d8831126daee1000f8"
url = "https://github.com/go-task/task/releases/download/v3.51.1/task_linux_arm64.tar.gz"

[tools."aqua:go-task/task"."platforms.linux-x64"]
checksum = "sha256:da7e92f0ff961ef2aae7cfecbad8d1fd2a08d7b09ba968673adf7ff389b243b5"
url = "https://github.com/go-task/task/releases/download/v3.51.1/task_linux_amd64.tar.gz"

[tools."aqua:go-task/task"."platforms.linux-x64-musl"]
checksum = "sha256:da7e92f0ff961ef2aae7cfecbad8d1fd2a08d7b09ba968673adf7ff389b243b5"
url = "https://github.com/go-task/task/releases/download/v3.51.1/task_linux_amd64.tar.gz"

[tools."aqua:go-task/task"."platforms.macos-arm64"]
checksum = "sha256:a0330f0df20dd1187e323f284a7f365c0ea1f2f271c1e154811e9fc4724bed13"
url = "https://github.com/go-task/task/releases/download/v3.51.1/task_darwin_arm64.tar.gz"

[tools."aqua:go-task/task"."platforms.macos-x64"]
checksum = "sha256:08b0a2107c56940e1fc7be15ebd5999f28a867925cfcd619393f8075fef67409"
url = "https://github.com/go-task/task/releases/download/v3.51.1/task_darwin_amd64.tar.gz"

[tools."aqua:go-task/task"."platforms.windows-x64"]
checksum = "sha256:422d79dff5afd5a55fb46ae1cfacc7350ec96d4ef27a63a3ec77a5c30a7b0f03"
url = "https://github.com/go-task/task/releases/download/v3.51.1/task_windows_amd64.zip"

[[tools."aqua:google/go-jsonnet"]]
version = "0.22.0"
backend = "aqua:google/go-jsonnet"

[tools."aqua:google/go-jsonnet"."platforms.linux-arm64"]
checksum = "sha256:3016b049254cb92548ba99304b6f44ec3795e6173f908e3ce3c5add57243fe20"
url = "https://github.com/google/go-jsonnet/releases/download/v0.22.0/go-jsonnet_0.22.0_linux_arm64.tar.gz"

[tools."aqua:google/go-jsonnet"."platforms.linux-arm64-musl"]
checksum = "sha256:3016b049254cb92548ba99304b6f44ec3795e6173f908e3ce3c5add57243fe20"
url = "https://github.com/google/go-jsonnet/releases/download/v0.22.0/go-jsonnet_0.22.0_linux_arm64.tar.gz"

[tools."aqua:google/go-jsonnet"."platforms.linux-x64"]
checksum = "sha256:e87a93ea44e34da92c15636205c7f2240bf3ac92d00ccb855dbb4e7e03ea6941"
url = "https://github.com/google/go-jsonnet/releases/download/v0.22.0/go-jsonnet_0.22.0_linux_amd64.tar.gz"

[tools."aqua:google/go-jsonnet"."platforms.linux-x64-musl"]
checksum = "sha256:e87a93ea44e34da92c15636205c7f2240bf3ac92d00ccb855dbb4e7e03ea6941"
url = "https://github.com/google/go-jsonnet/releases/download/v0.22.0/go-jsonnet_0.22.0_linux_amd64.tar.gz"

[tools."aqua:google/go-jsonnet"."platforms.macos-arm64"]
checksum = "sha256:112534191b6e27f2ae01bb80c6ab82950fb7bf5772e2e81c5472f59a069700f5"
url = "https://github.com/google/go-jsonnet/releases/download/v0.22.0/go-jsonnet_0.22.0_darwin_arm64.tar.gz"

[tools."aqua:google/go-jsonnet"."platforms.macos-x64"]
checksum = "sha256:2ada40ece13e8b4e1f37c06315783110c84b496963b0b8b90809daf69df7dfc9"
url = "https://github.com/google/go-jsonnet/releases/download/v0.22.0/go-jsonnet_0.22.0_darwin_amd64.tar.gz"

[tools."aqua:google/go-jsonnet"."platforms.windows-x64"]
checksum = "sha256:277b83ddbe836a627dcde0655720aa42b02277fdf3a9cdaebeef2a53e98599b1"
url = "https://github.com/google/go-jsonnet/releases/download/v0.22.0/go-jsonnet_0.22.0_windows_amd64.tar.gz"

[[tools."aqua:neovim/neovim"]]
version = "0.12.2"
backend = "aqua:neovim/neovim"

[tools."aqua:neovim/neovim"."platforms.linux-arm64"]
checksum = "sha256:f697d4e4582b6e4b5c3c26e76e06ce26efa08ba1768e03fd2733fcc422bb0490"
url = "https://github.com/neovim/neovim/releases/download/v0.12.2/nvim-linux-arm64.tar.gz"

[tools."aqua:neovim/neovim"."platforms.linux-arm64-musl"]
checksum = "sha256:f697d4e4582b6e4b5c3c26e76e06ce26efa08ba1768e03fd2733fcc422bb0490"
url = "https://github.com/neovim/neovim/releases/download/v0.12.2/nvim-linux-arm64.tar.gz"

[tools."aqua:neovim/neovim"."platforms.linux-x64"]
checksum = "sha256:31cf85945cb600d96cdf69f88bc68bec814acbff50863c5546adef3a1bcef260"
url = "https://github.com/neovim/neovim/releases/download/v0.12.2/nvim-linux-x86_64.tar.gz"

[tools."aqua:neovim/neovim"."platforms.linux-x64-musl"]
checksum = "sha256:31cf85945cb600d96cdf69f88bc68bec814acbff50863c5546adef3a1bcef260"
url = "https://github.com/neovim/neovim/releases/download/v0.12.2/nvim-linux-x86_64.tar.gz"

[tools."aqua:neovim/neovim"."platforms.macos-arm64"]
checksum = "sha256:eeddee1009734f9071266e6b1b8a70308cb60cbcc45f5e1c1023adc471450fee"
url = "https://github.com/neovim/neovim/releases/download/v0.12.2/nvim-macos-arm64.tar.gz"

[tools."aqua:neovim/neovim"."platforms.macos-x64"]
checksum = "sha256:728321db960a9b6af6c03881892a6abfd743bf759bc62d233f52fa1be64ace3c"
url = "https://github.com/neovim/neovim/releases/download/v0.12.2/nvim-macos-x86_64.tar.gz"

[tools."aqua:neovim/neovim"."platforms.windows-x64"]
checksum = "sha256:23fe150edbcc976eabe55092e1e9d2e5e237afde69553d170e936f776b405d53"
url = "https://github.com/neovim/neovim/releases/download/v0.12.2/nvim-win64.zip"

[[tools."github:aquaproj/aqua"]]
version = "2.59.0"
backend = "github:aquaproj/aqua"

[tools."github:aquaproj/aqua"."platforms.linux-arm64"]
checksum = "sha256:bdba3970e6bd714214eccb1bfc117f4769b21a2607c0b141290c3856e7c8c90c"
url = "https://github.com/aquaproj/aqua/releases/download/v2.59.0/aqua_linux_arm64.tar.gz"
url_api = "https://api.github.com/repos/aquaproj/aqua/releases/assets/421615485"
provenance = "github-attestations"

[tools."github:aquaproj/aqua"."platforms.linux-arm64-musl"]
checksum = "sha256:bdba3970e6bd714214eccb1bfc117f4769b21a2607c0b141290c3856e7c8c90c"
url = "https://github.com/aquaproj/aqua/releases/download/v2.59.0/aqua_linux_arm64.tar.gz"
url_api = "https://api.github.com/repos/aquaproj/aqua/releases/assets/421615485"
provenance = "github-attestations"

[tools."github:aquaproj/aqua"."platforms.linux-x64"]
checksum = "sha256:08b4d13de728fbd0b8be81f91f2fefebd0672150f678156d1eeae13c6d891652"
url = "https://github.com/aquaproj/aqua/releases/download/v2.59.0/aqua_linux_amd64.tar.gz"
url_api = "https://api.github.com/repos/aquaproj/aqua/releases/assets/421615481"
provenance = "github-attestations"

[tools."github:aquaproj/aqua"."platforms.linux-x64-musl"]
checksum = "sha256:08b4d13de728fbd0b8be81f91f2fefebd0672150f678156d1eeae13c6d891652"
url = "https://github.com/aquaproj/aqua/releases/download/v2.59.0/aqua_linux_amd64.tar.gz"
url_api = "https://api.github.com/repos/aquaproj/aqua/releases/assets/421615481"
provenance = "github-attestations"

[tools."github:aquaproj/aqua"."platforms.macos-arm64"]
checksum = "sha256:c861b30f70921c243802f50581fc8dcd08e7dbb105a9963a49de8ae82f8cb8c4"
url = "https://github.com/aquaproj/aqua/releases/download/v2.59.0/aqua_darwin_arm64.tar.gz"
url_api = "https://api.github.com/repos/aquaproj/aqua/releases/assets/421615479"
provenance = "github-attestations"

[tools."github:aquaproj/aqua"."platforms.macos-x64"]
checksum = "sha256:e98c1eff4be2094cb1706530872f40ed693edeb72c2f7f8e4a5fdb5a27e455e0"
url = "https://github.com/aquaproj/aqua/releases/download/v2.59.0/aqua_darwin_amd64.tar.gz"
url_api = "https://api.github.com/repos/aquaproj/aqua/releases/assets/421615476"
provenance = "github-attestations"

[tools."github:aquaproj/aqua"."platforms.windows-x64"]
checksum = "sha256:6607f2ec398482803eceb9e8400d5889eaea79511e70a9cc3e0b67febb6350a1"
url = "https://github.com/aquaproj/aqua/releases/download/v2.59.0/aqua_windows_amd64.zip"
url_api = "https://api.github.com/repos/aquaproj/aqua/releases/assets/421615490"
provenance = "github-attestations"

[[tools.node]]
version = "24.15.0"
backend = "core:node"

[tools.node."platforms.linux-arm64"]
checksum = "sha256:73afc234d558c24919875f51c2d1ea002a2ada4ea6f83601a383869fefa64eed"
url = "https://nodejs.org/dist/v24.15.0/node-v24.15.0-linux-arm64.tar.gz"

[tools.node."platforms.linux-arm64-musl"]
checksum = "sha256:31e98aa960a067da91edffd5d93bc46657b5d2a8029612c359f5f2ac0060152a"
url = "https://unofficial-builds.nodejs.org/download/release/v24.15.0/node-v24.15.0-linux-arm64-musl.tar.gz"

[tools.node."platforms.linux-x64"]
checksum = "sha256:44836872d9aec49f1e6b52a9a922872db9a2b02d235a616a5681b6a85fec8d89"
url = "https://nodejs.org/dist/v24.15.0/node-v24.15.0-linux-x64.tar.gz"

[tools.node."platforms.linux-x64-musl"]
checksum = "sha256:f55af5bd489c5347b113ca6594cae00a54b30ba57ac5875324311bfc6f4762e3"
url = "https://unofficial-builds.nodejs.org/download/release/v24.15.0/node-v24.15.0-linux-x64-musl.tar.gz"

[tools.node."platforms.macos-arm64"]
checksum = "sha256:372331b969779ab5d15b949884fc6eaf88d5afe87bde8ba881d6400b9100ffc4"
url = "https://nodejs.org/dist/v24.15.0/node-v24.15.0-darwin-arm64.tar.gz"

[tools.node."platforms.macos-x64"]
checksum = "sha256:ffd5ee293467927f3ee731a553eb88fd1f48cf74eebc2d74a6babe4af228673b"
url = "https://nodejs.org/dist/v24.15.0/node-v24.15.0-darwin-x64.tar.gz"

[tools.node."platforms.windows-x64"]
checksum = "sha256:cc5149eabd53779ce1e7bdc5401643622d0c7e6800ade18928a767e940bb0e62"
url = "https://nodejs.org/dist/v24.15.0/node-v24.15.0-win-x64.zip"

[[tools."npm:cc-sdd"]]
version = "3.0.2"
backend = "npm:cc-sdd"

[[tools.pnpm]]
version = "11.1.3"
backend = "aqua:pnpm/pnpm"

[tools.pnpm."platforms.linux-arm64"]
checksum = "sha256:35676a3dacc7e325dd6ac90db35fd425f17748ea8095c2ea6d47c2375a974fcd"
url = "https://github.com/pnpm/pnpm/releases/download/v11.1.3/pnpm-linux-arm64.tar.gz"
provenance = "github-attestations"

[tools.pnpm."platforms.linux-arm64-musl"]
checksum = "sha256:4d3ce91646621f5551f9723744df2ce7a2f2b00a238b957d5fc2bad88e972ead"
url = "https://github.com/pnpm/pnpm/releases/download/v11.1.3/pnpm-linux-arm64-musl.tar.gz"
provenance = "github-attestations"

[tools.pnpm."platforms.linux-x64"]
checksum = "sha256:8e5685c22bc05e8092adb056bb3d848c3d7926a2c909ed028052098d59db9e6e"
url = "https://github.com/pnpm/pnpm/releases/download/v11.1.3/pnpm-linux-x64.tar.gz"
provenance = "github-attestations"

[tools.pnpm."platforms.linux-x64-musl"]
checksum = "sha256:729e484a7ca2c0319e188b4ce97523034a8a9913a6833c8afdc144b03a9ff260"
url = "https://github.com/pnpm/pnpm/releases/download/v11.1.3/pnpm-linux-x64-musl.tar.gz"
provenance = "github-attestations"

[tools.pnpm."platforms.macos-arm64"]
checksum = "sha256:c258310926cfaaa59b50296bc0defca66a466799eb045d4f76fe3fc3c5e6565d"
url = "https://github.com/pnpm/pnpm/releases/download/v11.1.3/pnpm-darwin-arm64.tar.gz"
provenance = "github-attestations"

[tools.pnpm."platforms.windows-x64"]
checksum = "sha256:46d42ba9d141605dfc65819a498b27971c4589c7ef139ad80c5e9da7a5c34b06"
url = "https://github.com/pnpm/pnpm/releases/download/v11.1.3/pnpm-win32-x64.zip"
provenance = "github-attestations"
