# @generated - this file is auto-generated by `mise lock` https://mise.en.dev/dev-tools/mise-lock.html

[[tools."aqua:go-task/task"]]
version = "3.51.1"
backend = "aqua:go-task/task"

[tools."aqua:go-task/task"."platforms.linux-arm64"]
checksum = "sha256:49c58bb00eff2449a5553f3b3e694fc424e0dc04d5c669d8831126daee1000f8"
url = "https://github.com/go-task/task/releases/download/v3.51.1/task_linux_arm64.tar.gz"

[tools."aqua:go-task/task"."platforms.linux-arm64-musl"]
checksum = "sha256:49c58bb00eff2449a5553f3b3e694fc424e0dc04d5c669d8831126daee1000f8"
url = "https://github.com/go-task/task/releases/download/v3.51.1/task_linux_arm64.tar.gz"

[tools."aqua:go-task/task"."platforms.linux-x64"]
checksum = "sha256:da7e92f0ff961ef2aae7cfecbad8d1fd2a08d7b09ba968673adf7ff389b243b5"
url = "https://github.com/go-task/task/releases/download/v3.51.1/task_linux_amd64.tar.gz"

[tools."aqua:go-task/task"."platforms.linux-x64-musl"]
checksum = "sha256:da7e92f0ff961ef2aae7cfecbad8d1fd2a08d7b09ba968673adf7ff389b243b5"
url = "https://github.com/go-task/task/releases/download/v3.51.1/task_linux_amd64.tar.gz"

[tools."aqua:go-task/task"."platforms.macos-arm64"]
checksum = "sha256:a0330f0df20dd1187e323f284a7f365c0ea1f2f271c1e154811e9fc4724bed13"
url = "https://github.com/go-task/task/releases/download/v3.51.1/task_darwin_arm64.tar.gz"

[tools."aqua:go-task/task"."platforms.macos-x64"]
checksum = "sha256:08b0a2107c56940e1fc7be15ebd5999f28a867925cfcd619393f8075fef67409"
url = "https://github.com/go-task/task/releases/download/v3.51.1/task_darwin_amd64.tar.gz"

[tools."aqua:go-task/task"."platforms.windows-x64"]
checksum = "sha256:422d79dff5afd5a55fb46ae1cfacc7350ec96d4ef27a63a3ec77a5c30a7b0f03"
url = "https://github.com/go-task/task/releases/download/v3.51.1/task_windows_amd64.zip"

[[tools."aqua:google/go-jsonnet"]]
version = "0.22.0"
backend = "aqua:google/go-jsonnet"

[tools."aqua:google/go-jsonnet"."platforms.linux-arm64"]
checksum = "sha256:3016b049254cb92548ba99304b6f44ec3795e6173f908e3ce3c5add57243fe20"
url = "https://github.com/google/go-jsonnet/releases/download/v0.22.0/go-jsonnet_0.22.0_linux_arm64.tar.gz"

[tools."aqua:google/go-jsonnet"."platforms.linux-arm64-musl"]
checksum = "sha256:3016b049254cb92548ba99304b6f44ec3795e6173f908e3ce3c5add57243fe20"
url = "https://github.com/google/go-jsonnet/releases/download/v0.22.0/go-jsonnet_0.22.0_linux_arm64.tar.gz"

[tools."aqua:google/go-jsonnet"."platforms.linux-x64"]
checksum = "sha256:e87a93ea44e34da92c15636205c7f2240bf3ac92d00ccb855dbb4e7e03ea6941"
url = "https://github.com/google/go-jsonnet/releases/download/v0.22.0/go-jsonnet_0.22.0_linux_amd64.tar.gz"

[tools."aqua:google/go-jsonnet"."platforms.linux-x64-musl"]
checksum = "sha256:e87a93ea44e34da92c15636205c7f2240bf3ac92d00ccb855dbb4e7e03ea6941"
url = "https://github.com/google/go-jsonnet/releases/download/v0.22.0/go-jsonnet_0.22.0_linux_amd64.tar.gz"

[tools."aqua:google/go-jsonnet"."platforms.macos-arm64"]
checksum = "sha256:112534191b6e27f2ae01bb80c6ab82950fb7bf5772e2e81c5472f59a069700f5"
url = "https://github.com/google/go-jsonnet/releases/download/v0.22.0/go-jsonnet_0.22.0_darwin_arm64.tar.gz"

[tools."aqua:google/go-jsonnet"."platforms.macos-x64"]
checksum = "sha256:2ada40ece13e8b4e1f37c06315783110c84b496963b0b8b90809daf69df7dfc9"
url = "https://github.com/google/go-jsonnet/releases/download/v0.22.0/go-jsonnet_0.22.0_darwin_amd64.tar.gz"

[tools."aqua:google/go-jsonnet"."platforms.windows-x64"]
checksum = "sha256:277b83ddbe836a627dcde0655720aa42b02277fdf3a9cdaebeef2a53e98599b1"
url = "https://github.com/google/go-jsonnet/releases/download/v0.22.0/go-jsonnet_0.22.0_windows_amd64.tar.gz"

[[tools."aqua:neovim/neovim"]]
version = "0.12.2"
backend = "aqua:neovim/neovim"

[tools."aqua:neovim/neovim"."platforms.linux-arm64"]
checksum = "sha256:f697d4e4582b6e4b5c3c26e76e06ce26efa08ba1768e03fd2733fcc422bb0490"
url = "https://github.com/neovim/neovim/releases/download/v0.12.2/nvim-linux-arm64.tar.gz"

[tools."aqua:neovim/neovim"."platforms.linux-arm64-musl"]
checksum = "sha256:f697d4e4582b6e4b5c3c26e76e06ce26efa08ba1768e03fd2733fcc422bb0490"
url = "https://github.com/neovim/neovim/releases/download/v0.12.2/nvim-linux-arm64.tar.gz"

[tools."aqua:neovim/neovim"."platforms.linux-x64"]
checksum = "sha256:31cf85945cb600d96cdf69f88bc68bec814acbff50863c5546adef3a1bcef260"
url = "https://github.com/neovim/neovim/releases/download/v0.12.2/nvim-linux-x86_64.tar.gz"

[tools."aqua:neovim/neovim"."platforms.linux-x64-musl"]
checksum = "sha256:31cf85945cb600d96cdf69f88bc68bec814acbff50863c5546adef3a1bcef260"
url = "https://github.com/neovim/neovim/releases/download/v0.12.2/nvim-linux-x86_64.tar.gz"

[tools."aqua:neovim/neovim"."platforms.macos-arm64"]
checksum = "sha256:eeddee1009734f9071266e6b1b8a70308cb60cbcc45f5e1c1023adc471450fee"
url = "https://github.com/neovim/neovim/releases/download/v0.12.2/nvim-macos-arm64.tar.gz"

[tools."aqua:neovim/neovim"."platforms.macos-x64"]
checksum = "sha256:728321db960a9b6af6c03881892a6abfd743bf759bc62d233f52fa1be64ace3c"
url = "https://github.com/neovim/neovim/releases/download/v0.12.2/nvim-macos-x86_64.tar.gz"

[tools."aqua:neovim/neovim"."platforms.windows-x64"]
checksum = "sha256:23fe150edbcc976eabe55092e1e9d2e5e237afde69553d170e936f776b405d53"
url = "https://github.com/neovim/neovim/releases/download/v0.12.2/nvim-win64.zip"

[[tools."github:aquaproj/aqua"]]
version = "2.59.1"
backend = "github:aquaproj/aqua"

[tools."github:aquaproj/aqua"."platforms.linux-arm64"]
checksum = "sha256:92298717b849c4baa36947dc4fcdedf7a542a2686dbc939a0dcda83d891b9a25"
url = "https://github.com/aquaproj/aqua/releases/download/v2.59.1/aqua_linux_arm64.tar.gz"
url_api = "https://api.github.com/repos/aquaproj/aqua/releases/assets/430610113"
provenance = "github-attestations"

[tools."github:aquaproj/aqua"."platforms.linux-arm64-musl"]
checksum = "sha256:92298717b849c4baa36947dc4fcdedf7a542a2686dbc939a0dcda83d891b9a25"
url = "https://github.com/aquaproj/aqua/releases/download/v2.59.1/aqua_linux_arm64.tar.gz"
url_api = "https://api.github.com/repos/aquaproj/aqua/releases/assets/430610113"
provenance = "github-attestations"

[tools."github:aquaproj/aqua"."platforms.linux-x64"]
checksum = "sha256:f2ec38dece860fee4fc48d1213da176fa7bd900e95036cac8d952800d91644e7"
url = "https://github.com/aquaproj/aqua/releases/download/v2.59.1/aqua_linux_amd64.tar.gz"
url_api = "https://api.github.com/repos/aquaproj/aqua/releases/assets/430610109"
provenance = "github-attestations"

[tools."github:aquaproj/aqua"."platforms.linux-x64-musl"]
checksum = "sha256:f2ec38dece860fee4fc48d1213da176fa7bd900e95036cac8d952800d91644e7"
url = "https://github.com/aquaproj/aqua/releases/download/v2.59.1/aqua_linux_amd64.tar.gz"
url_api = "https://api.github.com/repos/aquaproj/aqua/releases/assets/430610109"
provenance = "github-attestations"

[tools."github:aquaproj/aqua"."platforms.macos-arm64"]
checksum = "sha256:8c658418ba81cf2629813d374358f3dfe13c6715d27ccb476baf85c873acc501"
url = "https://github.com/aquaproj/aqua/releases/download/v2.59.1/aqua_darwin_arm64.tar.gz"
url_api = "https://api.github.com/repos/aquaproj/aqua/releases/assets/430610107"
provenance = "github-attestations"

[tools."github:aquaproj/aqua"."platforms.macos-x64"]
checksum = "sha256:c2ffc0f9f406f703e07a2c6f16b2e4dd7756b9bddc1c13e7f9f485f54b33e78d"
url = "https://github.com/aquaproj/aqua/releases/download/v2.59.1/aqua_darwin_amd64.tar.gz"
url_api = "https://api.github.com/repos/aquaproj/aqua/releases/assets/430610097"
provenance = "github-attestations"

[tools."github:aquaproj/aqua"."platforms.windows-x64"]
checksum = "sha256:0bbdfbd6a9bfc87e6a86d89a2e5b4e6847007b15bbb992fac6b44ac35a4671c2"
url = "https://github.com/aquaproj/aqua/releases/download/v2.59.1/aqua_windows_amd64.zip"
url_api = "https://api.github.com/repos/aquaproj/aqua/releases/assets/430610118"
provenance = "github-attestations"

[[tools.node]]
version = "24.16.0"
backend = "core:node"

[tools.node."platforms.linux-arm64"]
checksum = "sha256:589f5b6dd4fcfee4dfda73013903c966abaa8abd93dbc9d436544e472b4f0e74"
url = "https://nodejs.org/dist/v24.16.0/node-v24.16.0-linux-arm64.tar.gz"

[tools.node."platforms.linux-arm64-musl"]
checksum = "sha256:85dde27aa73503b03dadfa0410a800067b4e3f702fb7fcaa3beaf284dfcc69e9"
url = "https://unofficial-builds.nodejs.org/download/release/v24.16.0/node-v24.16.0-linux-arm64-musl.tar.gz"

[tools.node."platforms.linux-x64"]
checksum = "sha256:2faf6a387e9b62b888e21c54f01249fb27537ffecf1842f29f4c919d0a59a0ff"
url = "https://nodejs.org/dist/v24.16.0/node-v24.16.0-linux-x64.tar.gz"

[tools.node."platforms.linux-x64-musl"]
checksum = "sha256:50df5d8d474892d4f7b906167df36f77f5b93908f63dc532dc568219cab65841"
url = "https://unofficial-builds.nodejs.org/download/release/v24.16.0/node-v24.16.0-linux-x64-musl.tar.gz"

[tools.node."platforms.macos-arm64"]
checksum = "sha256:39189dab4eeb15706c424af0ac08a3044c9e48f7db12a7d77f6b7aafc7dd5df6"
url = "https://nodejs.org/dist/v24.16.0/node-v24.16.0-darwin-arm64.tar.gz"

[tools.node."platforms.macos-x64"]
checksum = "sha256:298b4c7b3cb80765c8703e42b90324a4ece3b6634947b89e769c3c980ab55185"
url = "https://nodejs.org/dist/v24.16.0/node-v24.16.0-darwin-x64.tar.gz"

[tools.node."platforms.windows-x64"]
checksum = "sha256:edaca9bd58ec8e92037dac4e877d52f6b8f430b81c18b57e264b4e2fb111cd56"
url = "https://nodejs.org/dist/v24.16.0/node-v24.16.0-win-x64.zip"

[[tools."npm:cc-sdd"]]
version = "3.0.2"
backend = "npm:cc-sdd"

[[tools.pnpm]]
version = "11.3.0"
backend = "aqua:pnpm/pnpm"

[tools.pnpm."platforms.linux-arm64"]
checksum = "sha256:383f644f50667e9c1752791173d274ba414117262b09c1b027c2d297bf520662"
url = "https://github.com/pnpm/pnpm/releases/download/v11.3.0/pnpm-linux-arm64.tar.gz"
provenance = "github-attestations"

[tools.pnpm."platforms.linux-arm64-musl"]
checksum = "sha256:b489128f5e9a6ef56c1c5ff02c03118635bef7726ef9bb2d44e0ccd16d191883"
url = "https://github.com/pnpm/pnpm/releases/download/v11.3.0/pnpm-linux-arm64-musl.tar.gz"
provenance = "github-attestations"

[tools.pnpm."platforms.linux-x64"]
checksum = "sha256:6eb506b53297eb1186ba0cbff1577bb26d17713835a01a5342dcafae550827ce"
url = "https://github.com/pnpm/pnpm/releases/download/v11.3.0/pnpm-linux-x64.tar.gz"
provenance = "github-attestations"

[tools.pnpm."platforms.linux-x64-musl"]
checksum = "sha256:d728c510e04ac218091ce5dc591b28706bb154a14bd9741a146a0defd3ad466b"
url = "https://github.com/pnpm/pnpm/releases/download/v11.3.0/pnpm-linux-x64-musl.tar.gz"
provenance = "github-attestations"

[tools.pnpm."platforms.macos-arm64"]
checksum = "sha256:788958f77b44d7ac05f05f08ccdd520f1b2253d834df2a5eb0cf5ab9b84d40f6"
url = "https://github.com/pnpm/pnpm/releases/download/v11.3.0/pnpm-darwin-arm64.tar.gz"
provenance = "github-attestations"

[tools.pnpm."platforms.windows-x64"]
checksum = "sha256:1264caa0dcad06849cfd04b939f19a64c5349d5dd49f14dadbc06703c6e42653"
url = "https://github.com/pnpm/pnpm/releases/download/v11.3.0/pnpm-win32-x64.zip"
provenance = "github-attestations"
