# @generated - this file is auto-generated by `mise lock` https://mise.jdx.dev/dev-tools/mise-lock.html

[[tools."aqua:go-task/task"]]
version = "3.52.0"
backend = "aqua:go-task/task"

[tools."aqua:go-task/task"."platforms.linux-arm64"]
checksum = "sha256:7e0044108830cec0534577b289564e3b7c83e6df276feb631a1edc63d04e4ebe"
url = "https://github.com/go-task/task/releases/download/v3.52.0/task_linux_arm64.tar.gz"
url_api = "https://api.github.com/repos/go-task/task/releases/assets/464613352"

[tools."aqua:go-task/task"."platforms.linux-arm64-musl"]
checksum = "sha256:7e0044108830cec0534577b289564e3b7c83e6df276feb631a1edc63d04e4ebe"
url = "https://github.com/go-task/task/releases/download/v3.52.0/task_linux_arm64.tar.gz"
url_api = "https://api.github.com/repos/go-task/task/releases/assets/464613352"

[tools."aqua:go-task/task"."platforms.linux-x64"]
checksum = "sha256:02c679ffae53dca791804847d78b31731615894e292948397c971c87ac9e95bd"
url = "https://github.com/go-task/task/releases/download/v3.52.0/task_linux_amd64.tar.gz"
url_api = "https://api.github.com/repos/go-task/task/releases/assets/464613330"

[tools."aqua:go-task/task"."platforms.linux-x64-musl"]
checksum = "sha256:02c679ffae53dca791804847d78b31731615894e292948397c971c87ac9e95bd"
url = "https://github.com/go-task/task/releases/download/v3.52.0/task_linux_amd64.tar.gz"
url_api = "https://api.github.com/repos/go-task/task/releases/assets/464613330"

[tools."aqua:go-task/task"."platforms.macos-arm64"]
checksum = "sha256:debfa9a3bc06fcb5d5550b44725ecd22bb305499ce057bd6d7a774db5cdaa7b8"
url = "https://github.com/go-task/task/releases/download/v3.52.0/task_darwin_arm64.tar.gz"
url_api = "https://api.github.com/repos/go-task/task/releases/assets/464613319"

[tools."aqua:go-task/task"."platforms.macos-x64"]
checksum = "sha256:416348147bc2f1c729417249d932add7894fb01a126128778195942c249d7c0b"
url = "https://github.com/go-task/task/releases/download/v3.52.0/task_darwin_amd64.tar.gz"
url_api = "https://api.github.com/repos/go-task/task/releases/assets/464613314"

[tools."aqua:go-task/task"."platforms.windows-x64"]
checksum = "sha256:e3bd4439b445f4f135758a2666ec8b33ccde789f7f615309c58f116b0e566e79"
url = "https://github.com/go-task/task/releases/download/v3.52.0/task_windows_amd64.zip"
url_api = "https://api.github.com/repos/go-task/task/releases/assets/464613286"

[[tools."aqua:google/go-jsonnet"]]
version = "0.22.0"
backend = "aqua:google/go-jsonnet"

[tools."aqua:google/go-jsonnet"."platforms.linux-arm64"]
checksum = "sha256:3016b049254cb92548ba99304b6f44ec3795e6173f908e3ce3c5add57243fe20"
url = "https://github.com/google/go-jsonnet/releases/download/v0.22.0/go-jsonnet_0.22.0_linux_arm64.tar.gz"
url_api = "https://api.github.com/repos/google/go-jsonnet/releases/assets/380558845"

[tools."aqua:google/go-jsonnet"."platforms.linux-arm64-musl"]
checksum = "sha256:3016b049254cb92548ba99304b6f44ec3795e6173f908e3ce3c5add57243fe20"
url = "https://github.com/google/go-jsonnet/releases/download/v0.22.0/go-jsonnet_0.22.0_linux_arm64.tar.gz"
url_api = "https://api.github.com/repos/google/go-jsonnet/releases/assets/380558845"

[tools."aqua:google/go-jsonnet"."platforms.linux-x64"]
checksum = "sha256:e87a93ea44e34da92c15636205c7f2240bf3ac92d00ccb855dbb4e7e03ea6941"
url = "https://github.com/google/go-jsonnet/releases/download/v0.22.0/go-jsonnet_0.22.0_linux_amd64.tar.gz"
url_api = "https://api.github.com/repos/google/go-jsonnet/releases/assets/380558847"

[tools."aqua:google/go-jsonnet"."platforms.linux-x64-musl"]
checksum = "sha256:e87a93ea44e34da92c15636205c7f2240bf3ac92d00ccb855dbb4e7e03ea6941"
url = "https://github.com/google/go-jsonnet/releases/download/v0.22.0/go-jsonnet_0.22.0_linux_amd64.tar.gz"
url_api = "https://api.github.com/repos/google/go-jsonnet/releases/assets/380558847"

[tools."aqua:google/go-jsonnet"."platforms.macos-arm64"]
checksum = "sha256:112534191b6e27f2ae01bb80c6ab82950fb7bf5772e2e81c5472f59a069700f5"
url = "https://github.com/google/go-jsonnet/releases/download/v0.22.0/go-jsonnet_0.22.0_darwin_arm64.tar.gz"
url_api = "https://api.github.com/repos/google/go-jsonnet/releases/assets/380558841"

[tools."aqua:google/go-jsonnet"."platforms.macos-x64"]
checksum = "sha256:2ada40ece13e8b4e1f37c06315783110c84b496963b0b8b90809daf69df7dfc9"
url = "https://github.com/google/go-jsonnet/releases/download/v0.22.0/go-jsonnet_0.22.0_darwin_amd64.tar.gz"
url_api = "https://api.github.com/repos/google/go-jsonnet/releases/assets/380558829"

[tools."aqua:google/go-jsonnet"."platforms.windows-x64"]
checksum = "sha256:277b83ddbe836a627dcde0655720aa42b02277fdf3a9cdaebeef2a53e98599b1"
url = "https://github.com/google/go-jsonnet/releases/download/v0.22.0/go-jsonnet_0.22.0_windows_amd64.tar.gz"
url_api = "https://api.github.com/repos/google/go-jsonnet/releases/assets/380558839"

[[tools."aqua:neovim/neovim"]]
version = "0.12.4"
backend = "aqua:neovim/neovim"

[tools."aqua:neovim/neovim"."platforms.linux-arm64"]
checksum = "sha256:ceb7e88c6b681f0515d135dcdfad54f5eb4373b25ce6172197cd9a69c758063f"
url = "https://github.com/neovim/neovim/releases/download/v0.12.4/nvim-linux-arm64.tar.gz"
url_api = "https://api.github.com/repos/neovim/neovim/releases/assets/467170628"

[tools."aqua:neovim/neovim"."platforms.linux-arm64-musl"]
checksum = "sha256:ceb7e88c6b681f0515d135dcdfad54f5eb4373b25ce6172197cd9a69c758063f"
url = "https://github.com/neovim/neovim/releases/download/v0.12.4/nvim-linux-arm64.tar.gz"
url_api = "https://api.github.com/repos/neovim/neovim/releases/assets/467170628"

[tools."aqua:neovim/neovim"."platforms.linux-x64"]
checksum = "sha256:012bf3fcac5ade43914df3f174668bf64d05e049a4f032a388c027b1ebd78628"
url = "https://github.com/neovim/neovim/releases/download/v0.12.4/nvim-linux-x86_64.tar.gz"
url_api = "https://api.github.com/repos/neovim/neovim/releases/assets/467170630"

[tools."aqua:neovim/neovim"."platforms.linux-x64-musl"]
checksum = "sha256:012bf3fcac5ade43914df3f174668bf64d05e049a4f032a388c027b1ebd78628"
url = "https://github.com/neovim/neovim/releases/download/v0.12.4/nvim-linux-x86_64.tar.gz"
url_api = "https://api.github.com/repos/neovim/neovim/releases/assets/467170630"

[tools."aqua:neovim/neovim"."platforms.macos-arm64"]
checksum = "sha256:51ab83afa66d663627c2ab1be43209b0f4e81360d4598b53efaa4d8195f24c89"
url = "https://github.com/neovim/neovim/releases/download/v0.12.4/nvim-macos-arm64.tar.gz"
url_api = "https://api.github.com/repos/neovim/neovim/releases/assets/467170626"

[tools."aqua:neovim/neovim"."platforms.macos-x64"]
checksum = "sha256:03fe16f8dd9f1e9eaf52d5e294913a39917b9e2faea30d7fb0fb385fbd36fe59"
url = "https://github.com/neovim/neovim/releases/download/v0.12.4/nvim-macos-x86_64.tar.gz"
url_api = "https://api.github.com/repos/neovim/neovim/releases/assets/467170627"

[tools."aqua:neovim/neovim"."platforms.windows-x64"]
checksum = "sha256:9fc3572829ffd13debb6e32555da2c8cc02555568260a9fc4cf1f65bbcca319c"
url = "https://github.com/neovim/neovim/releases/download/v0.12.4/nvim-win64.zip"
url_api = "https://api.github.com/repos/neovim/neovim/releases/assets/467170653"

[[tools."aqua:twpayne/chezmoi"]]
version = "2.71.1"
backend = "aqua:twpayne/chezmoi"

[tools."aqua:twpayne/chezmoi"."platforms.linux-arm64"]
checksum = "sha256:6e88c8150d3d54533ba2f335a52c2ac7b67259c525ba0f19091fc078b6852154"
url = "https://github.com/twpayne/chezmoi/releases/download/v2.71.1/chezmoi_2.71.1_linux_arm64.tar.gz"
url_api = "https://api.github.com/repos/twpayne/chezmoi/releases/assets/483857953"
provenance = "cosign"

[tools."aqua:twpayne/chezmoi"."platforms.linux-arm64-musl"]
checksum = "sha256:6e88c8150d3d54533ba2f335a52c2ac7b67259c525ba0f19091fc078b6852154"
url = "https://github.com/twpayne/chezmoi/releases/download/v2.71.1/chezmoi_2.71.1_linux_arm64.tar.gz"
url_api = "https://api.github.com/repos/twpayne/chezmoi/releases/assets/483857953"
provenance = "cosign"

[tools."aqua:twpayne/chezmoi"."platforms.linux-x64"]
checksum = "sha256:e1fb16c962644d57f4d451c324aa86163d00faf5d035500f41fb48943a66dfed"
url = "https://github.com/twpayne/chezmoi/releases/download/v2.71.1/chezmoi_2.71.1_linux_amd64.tar.gz"
url_api = "https://api.github.com/repos/twpayne/chezmoi/releases/assets/483858082"
provenance = "cosign"

[tools."aqua:twpayne/chezmoi"."platforms.linux-x64-musl"]
checksum = "sha256:8b80e5b38e2888b5e7f26dbe9a3d3b96d728c4e32822d734d3fe0502dc52fa55"
url = "https://github.com/twpayne/chezmoi/releases/download/v2.71.1/chezmoi_2.71.1_linux-musl_amd64.tar.gz"
url_api = "https://api.github.com/repos/twpayne/chezmoi/releases/assets/483858096"
provenance = "cosign"

[tools."aqua:twpayne/chezmoi"."platforms.macos-arm64"]
checksum = "sha256:9fad1201c328428634b8a086f767df0dfe6dd3ea1128a2a7c45bc0b16641e294"
url = "https://github.com/twpayne/chezmoi/releases/download/v2.71.1/chezmoi_2.71.1_darwin_arm64.tar.gz"
url_api = "https://api.github.com/repos/twpayne/chezmoi/releases/assets/483858080"
provenance = "cosign"

[tools."aqua:twpayne/chezmoi"."platforms.macos-x64"]
checksum = "sha256:1551f07cab00441540a12e663ffbf4645664319c0f91d30a5f9a255470b561cc"
url = "https://github.com/twpayne/chezmoi/releases/download/v2.71.1/chezmoi_2.71.1_darwin_amd64.tar.gz"
url_api = "https://api.github.com/repos/twpayne/chezmoi/releases/assets/483858043"
provenance = "cosign"

[tools."aqua:twpayne/chezmoi"."platforms.windows-x64"]
checksum = "sha256:efdb5ae7e8e455e8f7c1b3d7d97beb7e946d9234f58d73945b78aaf6a5e92de6"
url = "https://github.com/twpayne/chezmoi/releases/download/v2.71.1/chezmoi_2.71.1_windows_amd64.zip"
url_api = "https://api.github.com/repos/twpayne/chezmoi/releases/assets/483858041"
provenance = "cosign"

[[tools."github:aquaproj/aqua"]]
version = "2.62.3"
backend = "github:aquaproj/aqua"

[tools."github:aquaproj/aqua"."platforms.linux-arm64"]
checksum = "sha256:a6b485fc465cd9317a2d8421bd145d4364606690fa49840347eca9ec84223fa9"
url = "https://github.com/aquaproj/aqua/releases/download/v2.62.3/aqua_linux_arm64.tar.gz"
url_api = "https://api.github.com/repos/aquaproj/aqua/releases/assets/498541918"
provenance = "github-attestations"

[tools."github:aquaproj/aqua"."platforms.linux-arm64-musl"]
checksum = "sha256:a6b485fc465cd9317a2d8421bd145d4364606690fa49840347eca9ec84223fa9"
url = "https://github.com/aquaproj/aqua/releases/download/v2.62.3/aqua_linux_arm64.tar.gz"
url_api = "https://api.github.com/repos/aquaproj/aqua/releases/assets/498541918"
provenance = "github-attestations"

[tools."github:aquaproj/aqua"."platforms.linux-x64"]
checksum = "sha256:89cb081adb19e425b1dca6b16d912c349a43535ce88d8713050738c9263618d0"
url = "https://github.com/aquaproj/aqua/releases/download/v2.62.3/aqua_linux_amd64.tar.gz"
url_api = "https://api.github.com/repos/aquaproj/aqua/releases/assets/498541913"
provenance = "github-attestations"
provenance_verified = true

[tools."github:aquaproj/aqua"."platforms.linux-x64-musl"]
checksum = "sha256:89cb081adb19e425b1dca6b16d912c349a43535ce88d8713050738c9263618d0"
url = "https://github.com/aquaproj/aqua/releases/download/v2.62.3/aqua_linux_amd64.tar.gz"
url_api = "https://api.github.com/repos/aquaproj/aqua/releases/assets/498541913"
provenance = "github-attestations"

[tools."github:aquaproj/aqua"."platforms.macos-arm64"]
checksum = "sha256:e6a5831dd12b5d571716aa8b81d799abb09278a9b83b751ed93e74c687b9c9df"
url = "https://github.com/aquaproj/aqua/releases/download/v2.62.3/aqua_darwin_arm64.tar.gz"
url_api = "https://api.github.com/repos/aquaproj/aqua/releases/assets/498541903"
provenance = "github-attestations"

[tools."github:aquaproj/aqua"."platforms.macos-x64"]
checksum = "sha256:b9144f0387538e8a08cf7c2325ec3b5263b73fbba1c50da933cd36ffc534d280"
url = "https://github.com/aquaproj/aqua/releases/download/v2.62.3/aqua_darwin_amd64.tar.gz"
url_api = "https://api.github.com/repos/aquaproj/aqua/releases/assets/498541902"
provenance = "github-attestations"

[tools."github:aquaproj/aqua"."platforms.windows-x64"]
checksum = "sha256:64385d576d419709ba0724005ec495ec6fb47dd42cc398b71609476c4bafffc7"
url = "https://github.com/aquaproj/aqua/releases/download/v2.62.3/aqua_windows_amd64.zip"
url_api = "https://api.github.com/repos/aquaproj/aqua/releases/assets/498541919"
provenance = "github-attestations"

[[tools.node]]
version = "24.18.1"
backend = "core:node"

[tools.node."platforms.linux-arm64"]
checksum = "sha256:df224555a083b918e46260cc969838501b9f9a87140c1195e5b9597b56d5dae2"
url = "https://nodejs.org/dist/v24.18.1/node-v24.18.1-linux-arm64.tar.gz"

[tools.node."platforms.linux-arm64-musl"]
checksum = "sha256:ae1b6457edb875fd98130b37c853e51a53ac0cc40850ecccd490b61c5a3558fa"
url = "https://unofficial-builds.nodejs.org/download/release/v24.18.1/node-v24.18.1-linux-arm64-musl.tar.gz"

[tools.node."platforms.linux-x64"]
checksum = "sha256:9f5eb6ac21845a66c493c91a253b1da32fd684e89e9b7202d4936982336be4ca"
url = "https://nodejs.org/dist/v24.18.1/node-v24.18.1-linux-x64.tar.gz"

[tools.node."platforms.linux-x64-musl"]
checksum = "sha256:696979caef92505ad7566a3674ca9a93d8558e282f34e7899181c0321821ae5f"
url = "https://unofficial-builds.nodejs.org/download/release/v24.18.1/node-v24.18.1-linux-x64-musl.tar.gz"

[tools.node."platforms.macos-arm64"]
checksum = "sha256:eb02f7fab96d3d67de40c5ec8566096fcb4c2026728787683ae5a97eb612b941"
url = "https://nodejs.org/dist/v24.18.1/node-v24.18.1-darwin-arm64.tar.gz"

[tools.node."platforms.macos-x64"]
checksum = "sha256:6fb20fceacbb157c2f95825b80df4a454a0f6d81cdcd7bb81eeae9147e0e76ec"
url = "https://nodejs.org/dist/v24.18.1/node-v24.18.1-darwin-x64.tar.gz"

[tools.node."platforms.windows-x64"]
checksum = "sha256:ec56b84a7551893ab2324ebdfdc4ab974a63b4781162600b68a1293cc3e53765"
url = "https://nodejs.org/dist/v24.18.1/node-v24.18.1-win-x64.zip"

[[tools.pnpm]]
version = "11.18.0"
backend = "aqua:pnpm/pnpm"

[tools.pnpm."platforms.linux-arm64"]
checksum = "sha256:f9c09bb564421d9d39dfff60af41df88a4864af5637afdabe5f54d12853f8426"
url = "https://github.com/pnpm/pnpm/releases/download/v11.18.0/pnpm-linux-arm64.tar.gz"
url_api = "https://api.github.com/repos/pnpm/pnpm/releases/assets/493764733"
provenance = "github-attestations"

[tools.pnpm."platforms.linux-arm64-musl"]
checksum = "sha256:ccfbcfb24d225bfa906b09d48b58b0c9f9f79d1d101c1374e60593b640a99abe"
url = "https://github.com/pnpm/pnpm/releases/download/v11.18.0/pnpm-linux-arm64-musl.tar.gz"
url_api = "https://api.github.com/repos/pnpm/pnpm/releases/assets/493764742"
provenance = "github-attestations"

[tools.pnpm."platforms.linux-x64"]
checksum = "sha256:f4e62794c56f7a1ad01097f94b90ca95680080aa2e83ebc3d0a751fb8aa8e4ad"
url = "https://github.com/pnpm/pnpm/releases/download/v11.18.0/pnpm-linux-x64.tar.gz"
url_api = "https://api.github.com/repos/pnpm/pnpm/releases/assets/493764737"
provenance = "github-attestations"

[tools.pnpm."platforms.linux-x64-musl"]
checksum = "sha256:3e138eb305247bc98b4e70bb759a9da09b32e8cdebc0e3c598e44dc0e98c89c5"
url = "https://github.com/pnpm/pnpm/releases/download/v11.18.0/pnpm-linux-x64-musl.tar.gz"
url_api = "https://api.github.com/repos/pnpm/pnpm/releases/assets/493764739"
provenance = "github-attestations"

[tools.pnpm."platforms.macos-arm64"]
checksum = "sha256:c3ace80f45e3550503310c2669616602f2c514f46a2f475f481088887a55abc1"
url = "https://github.com/pnpm/pnpm/releases/download/v11.18.0/pnpm-darwin-arm64.tar.gz"
url_api = "https://api.github.com/repos/pnpm/pnpm/releases/assets/493764741"
provenance = "github-attestations"

[tools.pnpm."platforms.windows-x64"]
checksum = "sha256:16cc9dbbf86f723936eb9aa5dd37f9d13bdb2068fc7319162236c86746706249"
url = "https://github.com/pnpm/pnpm/releases/download/v11.18.0/pnpm-win32-x64.zip"
url_api = "https://api.github.com/repos/pnpm/pnpm/releases/assets/493764734"
provenance = "github-attestations"
