[[tools.node]]
version = "24.12.0"
backend = "core:node"
"platforms.linux-arm64" = { checksum = "sha256:9b2a2eeb98a8eb37361224e2a1d060300ad2dd143af58dfdb16de785df0f1228", url = "https://nodejs.org/dist/v24.12.0/node-v24.12.0-linux-arm64.tar.gz"}
"platforms.linux-x64" = { checksum = "sha256:6159227e0af7d7c3c6bb2fa900452b04a6cb8841a702a79acc613209d70b04d0", url = "https://nodejs.org/dist/v24.12.0/node-v24.12.0-linux-x64.tar.gz"}
"platforms.macos-arm64" = { checksum = "sha256:319f221adc5e44ff0ed57e8a441b2284f02b8dc6fc87b8eb92a6a93643fd8080", url = "https://nodejs.org/dist/v24.12.0/node-v24.12.0-darwin-arm64.tar.gz"}
"platforms.macos-x64" = { checksum = "sha256:b82ea4c62fd08e250cab59d625e75d77cc5b0a3d60c6698ebee4545c88a169c5", url = "https://nodejs.org/dist/v24.12.0/node-v24.12.0-darwin-x64.tar.gz"}
"platforms.windows-x64" = { checksum = "sha256:9c125f61ae947b52e779095830f9cac267846a043ef7192183c84016aaad2812", url = "https://nodejs.org/dist/v24.12.0/node-v24.12.0-win-x64.zip"}

[[tools."npm:@anthropic-ai/claude-code"]]
version = "2.0.76"
backend = "npm:@anthropic-ai/claude-code"

[[tools."npm:@google/gemini-cli"]]
version = "0.22.5"
backend = "npm:@google/gemini-cli"

[[tools."npm:@openai/codex"]]
version = "0.77.0"
backend = "npm:@openai/codex"

[[tools."npm:@typescript/native-preview"]]
version = "7.0.0-dev.20251230.1"
backend = "npm:@typescript/native-preview"

[[tools."npm:cc-sdd"]]
version = "2.0.3"
backend = "npm:cc-sdd"

[[tools."npm:ccusage"]]
version = "17.2.0"
backend = "npm:ccusage"

[[tools.pnpm]]
version = "10.27.0"
backend = "aqua:pnpm/pnpm"
"platforms.linux-arm64" = { checksum = "sha256:61bdf073cd95154c0fbab6349dcf8a77e5e4c159854363f21722756e3ba08a9f", url = "https://github.com/pnpm/pnpm/releases/download/v10.27.0/pnpm-linux-arm64"}
"platforms.linux-x64" = { checksum = "sha256:0bbea51c4fe9dc0b5b94f147a2b7441fba3a75fe54f03a317149d738408e0496", url = "https://github.com/pnpm/pnpm/releases/download/v10.27.0/pnpm-linux-x64"}
"platforms.macos-arm64" = { checksum = "sha256:60a6e7b61a5ce34ce8c34e65bdcc0979a254362ff4ab73254fbcd3982de49da1", url = "https://github.com/pnpm/pnpm/releases/download/v10.27.0/pnpm-macos-arm64"}
"platforms.macos-x64" = { checksum = "sha256:4e44fd0a841ab98f76ee73c9953cffc5ca560b2651dc9c4ebef4ecbe43a605cc", url = "https://github.com/pnpm/pnpm/releases/download/v10.27.0/pnpm-macos-x64"}
"platforms.windows-x64" = { checksum = "sha256:921af6e7fce0cf67d2b035c2d81bfa4d9ed774780aa32dd63162fa726fecd859", url = "https://github.com/pnpm/pnpm/releases/download/v10.27.0/pnpm-win-x64.exe"}
