[[tools."aqua:BurntSushi/ripgrep"]]
version = "15.1.0"
backend = "aqua:BurntSushi/ripgrep"
"platforms.linux-arm64" = { checksum = "sha256:2b661c6ef508e902f388e9098d9c4c5aca72c87b55922d94abdba830b4dc885e", url = "https://github.com/BurntSushi/ripgrep/releases/download/15.1.0/ripgrep-15.1.0-aarch64-unknown-linux-gnu.tar.gz"}
"platforms.linux-x64" = { checksum = "sha256:1c9297be4a084eea7ecaedf93eb03d058d6faae29bbc57ecdaf5063921491599", url = "https://github.com/BurntSushi/ripgrep/releases/download/15.1.0/ripgrep-15.1.0-x86_64-unknown-linux-musl.tar.gz"}
"platforms.macos-arm64" = { checksum = "sha256:378e973289176ca0c6054054ee7f631a065874a352bf43f0fa60ef079b6ba715", url = "https://github.com/BurntSushi/ripgrep/releases/download/15.1.0/ripgrep-15.1.0-aarch64-apple-darwin.tar.gz"}
"platforms.macos-x64" = { checksum = "sha256:64811cb24e77cac3057d6c40b63ac9becf9082eedd54ca411b475b755d334882", url = "https://github.com/BurntSushi/ripgrep/releases/download/15.1.0/ripgrep-15.1.0-x86_64-apple-darwin.tar.gz"}
"platforms.windows-x64" = { checksum = "sha256:124510b94b6baa3380d051fdf4650eaa80a302c876d611e9dba0b2e18d87493a", url = "https://github.com/BurntSushi/ripgrep/releases/download/15.1.0/ripgrep-15.1.0-x86_64-pc-windows-msvc.zip"}

[[tools."aqua:astral-sh/uv"]]
version = "0.9.29"
backend = "aqua:astral-sh/uv"
"platforms.linux-arm64" = { checksum = "sha256:b1edc94f5d6c36bb28a20f8c8afb400e55a428fcf396b03bf78cb7394f75077c", url = "https://github.com/astral-sh/uv/releases/download/0.9.29/uv-aarch64-unknown-linux-musl.tar.gz"}
"platforms.linux-x64" = { checksum = "sha256:44c93c73e8870e003bda17ab50d433e27d201d0cb28d2bb75351ef1497ffa9db", url = "https://github.com/astral-sh/uv/releases/download/0.9.29/uv-x86_64-unknown-linux-musl.tar.gz"}
"platforms.macos-arm64" = { checksum = "sha256:0729ddd5c02df33669b03627aa5d9ac7cde4421657f808d54585e3cda944bb55", url = "https://github.com/astral-sh/uv/releases/download/0.9.29/uv-aarch64-apple-darwin.tar.gz"}
"platforms.macos-x64" = { checksum = "sha256:d251e48db2a962272a2efeb2771c82c02e40f473193a255e8e5c05eb61112139", url = "https://github.com/astral-sh/uv/releases/download/0.9.29/uv-x86_64-apple-darwin.tar.gz"}
"platforms.windows-x64" = { checksum = "sha256:9825b1a5955d8a432b664e56660641aac8886ed30cd9c59a94aacc68ae9116ce", url = "https://github.com/astral-sh/uv/releases/download/0.9.29/uv-x86_64-pc-windows-msvc.zip"}

[[tools."aqua:bufbuild/buf"]]
version = "1.65.0"
backend = "aqua:bufbuild/buf"
"platforms.linux-arm64" = { checksum = "sha256:53b4854a5ce61e02915e134370ad9c85f85cc3c906cbc464dddba5c450dee1ff", url = "https://github.com/bufbuild/buf/releases/download/v1.65.0/buf-Linux-aarch64.tar.gz"}
"platforms.linux-x64" = { checksum = "sha256:15dfd76f882f6648aa3b9fcd23eaa149826cc9000a35bc89ced50ddca689e890", url = "https://github.com/bufbuild/buf/releases/download/v1.65.0/buf-Linux-x86_64.tar.gz"}
"platforms.macos-x64" = { checksum = "sha256:c70d364478f61cd444455f03cfc44b503afd4cb0a47be045bad4553f117fbf7c", url = "https://github.com/bufbuild/buf/releases/download/v1.65.0/buf-Darwin-x86_64.tar.gz"}
"platforms.windows-x64" = { checksum = "sha256:ca122b8ca406140e2f795d9fbb578e124773d50094df26e4a337f3735b7cf753", url = "https://github.com/bufbuild/buf/releases/download/v1.65.0/buf-Windows-x86_64.zip"}

[[tools."aqua:cli/cli"]]
version = "2.86.0"
backend = "aqua:cli/cli"
"platforms.linux-arm64" = { checksum = "sha256:83cf7a7962ea9dfcc2c123666695792916a87af32cba5f1f6e585db08fa57547", url = "https://github.com/cli/cli/releases/download/v2.86.0/gh_2.86.0_linux_arm64.tar.gz"}
"platforms.linux-x64" = { checksum = "sha256:f3b08bd6a28420cc2229b0a1a687fa25f2b838d3f04b297414c1041ca68103c7", url = "https://github.com/cli/cli/releases/download/v2.86.0/gh_2.86.0_linux_amd64.tar.gz"}
"platforms.macos-arm64" = { checksum = "sha256:bde753978a352c5ae6c4abec47334d516e82807af20c9dbbd45507a5a0aedaaa", url = "https://github.com/cli/cli/releases/download/v2.86.0/gh_2.86.0_macOS_arm64.zip"}
"platforms.macos-x64" = { checksum = "sha256:ced7094d05702eb54a63542abd8a1dc570b7e5ae94951844eb1626ba74bc2c60", url = "https://github.com/cli/cli/releases/download/v2.86.0/gh_2.86.0_macOS_amd64.zip"}
"platforms.windows-x64" = { checksum = "sha256:983c74a8c594366b198485187cd6d4d07638f0bf9a9948d51a2a81a5164d8bfd", url = "https://github.com/cli/cli/releases/download/v2.86.0/gh_2.86.0_windows_amd64.zip"}

[[tools."aqua:cloudflare/cloudflared"]]
version = "2026.1.2"
backend = "aqua:cloudflare/cloudflared"
"platforms.linux-arm64" = { checksum = "sha256:1362498b9975e018f290cc4412af61391cca65cccbc06f2d8b128324ae9a18ef", url = "https://github.com/cloudflare/cloudflared/releases/download/2026.1.2/cloudflared-linux-arm64"}
"platforms.linux-x64" = { checksum = "sha256:e157c54e929cc289cbd53860453168c2fe3439eb55e2e965a56579252585d9c1", url = "https://github.com/cloudflare/cloudflared/releases/download/2026.1.2/cloudflared-linux-amd64"}
"platforms.macos-arm64" = { checksum = "sha256:70c30348b7e91858b60bae9a94604393dfc4b64fd552ac48be3ed4f5086525a9", url = "https://github.com/cloudflare/cloudflared/releases/download/2026.1.2/cloudflared-darwin-amd64.tgz"}
"platforms.macos-x64" = { checksum = "sha256:70c30348b7e91858b60bae9a94604393dfc4b64fd552ac48be3ed4f5086525a9", url = "https://github.com/cloudflare/cloudflared/releases/download/2026.1.2/cloudflared-darwin-amd64.tgz"}
"platforms.windows-x64" = { checksum = "sha256:6304f5e1c017c038fb74a02c0157b2b63d4bc1f15709c639fcc08cb6dbe4c126", url = "https://github.com/cloudflare/cloudflared/releases/download/2026.1.2/cloudflared-windows-amd64.exe"}

[[tools."aqua:direnv/direnv"]]
version = "2.37.1"
backend = "aqua:direnv/direnv"
"platforms.linux-arm64" = { checksum = "sha256:2a9cef8d73521d6a3ec3f2871c4b747b8c4cc038628c1b57a7efa42b393a2d82", url = "https://github.com/direnv/direnv/releases/download/v2.37.1/direnv.linux-arm64"}
"platforms.linux-x64" = { checksum = "sha256:1f1b93dd6f38523fde26dfac96151ef9d31a374e3005cd3345fb93555ae0c9b5", url = "https://github.com/direnv/direnv/releases/download/v2.37.1/direnv.linux-amd64"}
"platforms.macos-arm64" = { checksum = "sha256:4f569f3a36732bfd8b8fea7bfcc6ad87a59745c109022164d0ca4832451d5369", url = "https://github.com/direnv/direnv/releases/download/v2.37.1/direnv.darwin-arm64"}
"platforms.macos-x64" = { checksum = "sha256:24fb9ce48b563d7e9fbdd3a4e3e836941654a31ce3e67eba9eaafc3dcd8ae73b", url = "https://github.com/direnv/direnv/releases/download/v2.37.1/direnv.darwin-amd64"}
"platforms.windows-x64" = { checksum = "sha256:d96fc8b7cf020c2d4c1dbbc2ccec5fd1cab05b51c491f02c8527a7fa6c50a1cd", url = "https://github.com/direnv/direnv/releases/download/v2.37.1/direnv.windows-amd64"}

[[tools."aqua:go-task/task"]]
version = "3.48.0"
backend = "aqua:go-task/task"
"platforms.linux-arm64" = { checksum = "sha256:15a54fd45f706ce0f4c679c93cf04e02d72ca7223f157209201a1576008056d6", url = "https://github.com/go-task/task/releases/download/v3.48.0/task_linux_arm64.tar.gz"}
"platforms.linux-x64" = { checksum = "sha256:f4bfc4eef1b2557b262f3cc0a79976a421885cb7b9e71cfe75568a2ebe4d7ae5", url = "https://github.com/go-task/task/releases/download/v3.48.0/task_linux_amd64.tar.gz"}
"platforms.macos-arm64" = { checksum = "sha256:9a2727b7b74821e1a0a1fb17c477a7e84b7f1bbc8c3ca3bf47ed9a9557c2b986", url = "https://github.com/go-task/task/releases/download/v3.48.0/task_darwin_arm64.tar.gz"}
"platforms.macos-x64" = { checksum = "sha256:99955cd04179769fc4bfa83ae1c7f6993b20c8af3088cd5ddfe0bd9c1a11099a", url = "https://github.com/go-task/task/releases/download/v3.48.0/task_darwin_amd64.tar.gz"}
"platforms.windows-x64" = { checksum = "sha256:d6dd072d8b1c8131626cacd96af5edbc54470c437f747ec87f3fab32a15b3c74", url = "https://github.com/go-task/task/releases/download/v3.48.0/task_windows_amd64.zip"}

[[tools."aqua:google/go-jsonnet"]]
version = "0.21.0"
backend = "aqua:google/go-jsonnet"
"platforms.linux-arm64" = { checksum = "sha256:4a263da605dbe2edb99529f495266211062fac476789f2119408bc223338f1d6", url = "https://github.com/google/go-jsonnet/releases/download/v0.21.0/go-jsonnet_Linux_arm64.tar.gz"}
"platforms.linux-x64" = { checksum = "sha256:ad3181fde77726b02d17eb4e72687020bf2cb35b9336cdeaaca4783c7ff104f7", url = "https://github.com/google/go-jsonnet/releases/download/v0.21.0/go-jsonnet_Linux_x86_64.tar.gz"}
"platforms.macos-arm64" = { checksum = "sha256:398189a264e31a2c1316eed8ee6308306a221fd10b72f405def0100d295efeac", url = "https://github.com/google/go-jsonnet/releases/download/v0.21.0/go-jsonnet_Darwin_arm64.tar.gz"}
"platforms.macos-x64" = { checksum = "sha256:a6cee4b381d2319fa807d7a7bf8a4ecf2d0cca64e2bcd53eeaa575ce1f7689a4", url = "https://github.com/google/go-jsonnet/releases/download/v0.21.0/go-jsonnet_Darwin_x86_64.tar.gz"}
"platforms.windows-x64" = { checksum = "sha256:81d71a287ee5dfd0860831eeac281a7327ce8876d5fe9a8b7e19726dbbc0ce4f", url = "https://github.com/google/go-jsonnet/releases/download/v0.21.0/go-jsonnet_Windows_x86_64.tar.gz"}

[[tools."aqua:grafana/jsonnet-language-server"]]
version = "0.16.0"
backend = "aqua:grafana/jsonnet-language-server"
"platforms.linux-arm64" = { checksum = "sha256:155933cbbda25e9d89b6e14f1c2c52089cdfe82700fda60d8ebaabad2c409f18", url = "https://github.com/grafana/jsonnet-language-server/releases/download/v0.16.0/jsonnet-language-server_0.16.0_linux_arm64"}
"platforms.linux-x64" = { checksum = "sha256:42c7d38515e5a2008de26d678140e2d7fd1825eb977d78023fe997913e3dc2be", url = "https://github.com/grafana/jsonnet-language-server/releases/download/v0.16.0/jsonnet-language-server_0.16.0_linux_amd64"}
"platforms.macos-arm64" = { checksum = "sha256:8b6e642374d3004c3ac35254874ed1d14203a85c979f6684fc6218f58a8072d4", url = "https://github.com/grafana/jsonnet-language-server/releases/download/v0.16.0/jsonnet-language-server_0.16.0_darwin_arm64"}
"platforms.macos-x64" = { checksum = "sha256:f37d57fcf851e18fecc3b3867a8e06305ee315e01a9430bf5448438eff86736c", url = "https://github.com/grafana/jsonnet-language-server/releases/download/v0.16.0/jsonnet-language-server_0.16.0_darwin_amd64"}
"platforms.windows-x64" = { checksum = "sha256:53d233a1927afa52f39a2ae5396dc7ffeb13283b5f13edfa6dfdc1f41e71199b", url = "https://github.com/grafana/jsonnet-language-server/releases/download/v0.16.0/jsonnet-language-server_0.16.0_windows_amd64.exe"}

[[tools."aqua:jdx/usage"]]
version = "2.16.1"
backend = "aqua:jdx/usage"
"platforms.linux-arm64" = { checksum = "sha256:29ab8f0cf07d94f4f852007413594714561de9d613fe4dbf12b287dfa1bee0ac", url = "https://github.com/jdx/usage/releases/download/v2.16.1/usage-aarch64-unknown-linux-musl.tar.gz"}
"platforms.linux-x64" = { checksum = "sha256:9ff23ebae8b3fc049b4ed4fec29c417063597c79739bab094c390ddfe56e9623", url = "https://github.com/jdx/usage/releases/download/v2.16.1/usage-x86_64-unknown-linux-musl.tar.gz"}
"platforms.macos-arm64" = { checksum = "sha256:3bba8d4916da22dbd4afe4ab6c59c988765d7e0374e1121b43ce8b1a282cfc78", url = "https://github.com/jdx/usage/releases/download/v2.16.1/usage-universal-apple-darwin.tar.gz"}
"platforms.macos-x64" = { checksum = "sha256:3bba8d4916da22dbd4afe4ab6c59c988765d7e0374e1121b43ce8b1a282cfc78", url = "https://github.com/jdx/usage/releases/download/v2.16.1/usage-universal-apple-darwin.tar.gz"}

[[tools."aqua:jesseduffield/lazydocker"]]
version = "0.24.4"
backend = "aqua:jesseduffield/lazydocker"
"platforms.linux-arm64" = { checksum = "sha256:0fcf85b736895f46daa38eec5871ef1ca3d1e38b20201b2811b26258faccf1c7", url = "https://github.com/jesseduffield/lazydocker/releases/download/v0.24.4/lazydocker_0.24.4_Linux_arm64.tar.gz"}
"platforms.linux-x64" = { checksum = "sha256:c47e6f4b61debde5422183c7eb446a704a92c58b4c35bbd128c722d8bf269a86", url = "https://github.com/jesseduffield/lazydocker/releases/download/v0.24.4/lazydocker_0.24.4_Linux_x86_64.tar.gz"}
"platforms.macos-arm64" = { checksum = "sha256:4d0e6c42b34962713c0a22c5a841901c58b54a8d0791ba2ae8e4906985bac7f3", url = "https://github.com/jesseduffield/lazydocker/releases/download/v0.24.4/lazydocker_0.24.4_Darwin_arm64.tar.gz"}
"platforms.macos-x64" = { checksum = "sha256:9e6bb0c2ec758114e14d5fa5f6aa6342cc026d5f7458ad0b125f728e24e3c0dc", url = "https://github.com/jesseduffield/lazydocker/releases/download/v0.24.4/lazydocker_0.24.4_Darwin_x86_64.tar.gz"}
"platforms.windows-x64" = { checksum = "sha256:ca316f4f994a0af5c71525398a34192d01bbf6ac05097b39d96db1842855f349", url = "https://github.com/jesseduffield/lazydocker/releases/download/v0.24.4/lazydocker_0.24.4_Windows_x86_64.zip"}

[[tools."aqua:jesseduffield/lazygit"]]
version = "0.58.1"
backend = "aqua:jesseduffield/lazygit"
"platforms.linux-arm64" = { checksum = "sha256:c0571542a3df894748afc8820fcd2ac16df0970df2ddb429280dfef47b1f2d1e", url = "https://github.com/jesseduffield/lazygit/releases/download/v0.58.1/lazygit_0.58.1_linux_arm64.tar.gz"}
"platforms.linux-x64" = { checksum = "sha256:61b6b839390c193466fb692f75df4e75ef5e9ced2bf5e0ca8b3848902f0adea9", url = "https://github.com/jesseduffield/lazygit/releases/download/v0.58.1/lazygit_0.58.1_linux_x86_64.tar.gz"}
"platforms.macos-arm64" = { checksum = "sha256:d93a8a217a51f26d0a643a97bd31e3fabcb2e3a78cdbf1f1e533b9cd8bc881ce", url = "https://github.com/jesseduffield/lazygit/releases/download/v0.58.1/lazygit_0.58.1_darwin_arm64.tar.gz"}
"platforms.macos-x64" = { checksum = "sha256:9f824298c8dbb3efaf6bf93a2e3be8a31fd53213bd3e759b7bd49d7bc7f8e3d0", url = "https://github.com/jesseduffield/lazygit/releases/download/v0.58.1/lazygit_0.58.1_darwin_x86_64.tar.gz"}
"platforms.windows-x64" = { checksum = "sha256:81f6f925e7eb97b32f89dd9c3597fed245f26fe81c7162a2470d501051f996dd", url = "https://github.com/jesseduffield/lazygit/releases/download/v0.58.1/lazygit_0.58.1_windows_x86_64.zip"}

[[tools."aqua:jqlang/jq"]]
version = "1.8.1"
backend = "aqua:jqlang/jq"
"platforms.linux-arm64" = { checksum = "sha256:6bc62f25981328edd3cfcfe6fe51b073f2d7e7710d7ef7fcdac28d4e384fc3d4", url = "https://github.com/jqlang/jq/releases/download/jq-1.8.1/jq-linux-arm64"}
"platforms.linux-x64" = { checksum = "sha256:020468de7539ce70ef1bceaf7cde2e8c4f2ca6c3afb84642aabc5c97d9fc2a0d", url = "https://github.com/jqlang/jq/releases/download/jq-1.8.1/jq-linux-amd64"}
"platforms.macos-arm64" = { checksum = "sha256:a9fe3ea2f86dfc72f6728417521ec9067b343277152b114f4e98d8cb0e263603", url = "https://github.com/jqlang/jq/releases/download/jq-1.8.1/jq-macos-arm64"}
"platforms.macos-x64" = { checksum = "sha256:e80dbe0d2a2597e3c11c404f03337b981d74b4a8504b70586c354b7697a7c27f", url = "https://github.com/jqlang/jq/releases/download/jq-1.8.1/jq-macos-amd64"}
"platforms.windows-x64" = { checksum = "sha256:23cb60a1354eed6bcc8d9b9735e8c7b388cd1fdcb75726b93bc299ef22dd9334", url = "https://github.com/jqlang/jq/releases/download/jq-1.8.1/jq-windows-amd64.exe"}

[[tools."aqua:junegunn/fzf"]]
version = "0.67.0"
backend = "aqua:junegunn/fzf"
"platforms.linux-arm64" = { checksum = "sha256:7071f48c2ac0f2bc992d6d33cc36fd675a579a98cc976dda699eea07dd5e9c58", url = "https://github.com/junegunn/fzf/releases/download/v0.67.0/fzf-0.67.0-linux_arm64.tar.gz"}
"platforms.linux-x64" = { checksum = "sha256:4be08018ca37b32518c608741933ea335a406de3558242b60619e98f25be2be1", url = "https://github.com/junegunn/fzf/releases/download/v0.67.0/fzf-0.67.0-linux_amd64.tar.gz"}
"platforms.macos-arm64" = { checksum = "sha256:b7f34c964d8e52c471c933cef8ec43dc71997c266cafafd1b013bed10fc229a1", url = "https://github.com/junegunn/fzf/releases/download/v0.67.0/fzf-0.67.0-darwin_arm64.tar.gz"}
"platforms.macos-x64" = { checksum = "sha256:88dc853e0914793a2e7be0d1acfe6c922d9ccad08e3302df092399775b0279ff", url = "https://github.com/junegunn/fzf/releases/download/v0.67.0/fzf-0.67.0-darwin_amd64.tar.gz"}
"platforms.windows-x64" = { checksum = "sha256:cad95326ed416d14226a03425513b049f5bc9a41f30a355e5fe204a29e666867", url = "https://github.com/junegunn/fzf/releases/download/v0.67.0/fzf-0.67.0-windows_amd64.zip"}

[[tools."aqua:kubernetes/kubectl"]]
version = "1.35.0"
backend = "aqua:kubernetes/kubectl"
"platforms.linux-arm64" = { checksum = "sha256:58f82f9fe796c375c5c4b8439850b0f3f4d401a52434052f2df46035a8789e25", url = "https://dl.k8s.io/v1.35.0/bin/linux/arm64/kubectl"}
"platforms.linux-x64" = { checksum = "sha256:a2e984a18a0c063279d692533031c1eff93a262afcc0afdc517375432d060989", url = "https://dl.k8s.io/v1.35.0/bin/linux/amd64/kubectl"}
"platforms.macos-arm64" = { checksum = "sha256:cf699c56340dc775230fde4ef84237d27563ea6ef52164c7d078072b586c3918", url = "https://dl.k8s.io/v1.35.0/bin/darwin/arm64/kubectl"}
"platforms.macos-x64" = { checksum = "sha256:2447cb78911b10a667202b078eeb30541ec78d1280c3682921dc81607e148d96", url = "https://dl.k8s.io/v1.35.0/bin/darwin/amd64/kubectl"}
"platforms.windows-x64" = { checksum = "sha256:4c5d14b8673bd55f813a8965ad70d5150e3960ee5f274025e2286aea3a0fa8b6", url = "https://dl.k8s.io/v1.35.0/bin/windows/amd64/kubectl.exe"}

[[tools."aqua:mikefarah/yq"]]
version = "4.52.2"
backend = "aqua:mikefarah/yq"
"platforms.linux-arm64" = { checksum = "sha256:c82856ac30da522f50dcdd4f53065487b5a2927e9b87ff637956900986f1f7c2", url = "https://github.com/mikefarah/yq/releases/download/v4.52.2/yq_linux_arm64"}
"platforms.linux-x64" = { checksum = "sha256:a74bd266990339e0c48a2103534aef692abf99f19390d12c2b0ce6830385c459", url = "https://github.com/mikefarah/yq/releases/download/v4.52.2/yq_linux_amd64"}
"platforms.macos-arm64" = { checksum = "sha256:34613ea97c4c77e1894a8978dbf72588d187a69a6292c10dab396c767a1ecde7", url = "https://github.com/mikefarah/yq/releases/download/v4.52.2/yq_darwin_arm64"}
"platforms.macos-x64" = { checksum = "sha256:54a63555210e73abed09108097072e28bf82a6bb20439a72b55509c4dd42378d", url = "https://github.com/mikefarah/yq/releases/download/v4.52.2/yq_darwin_amd64"}
"platforms.windows-x64" = { checksum = "sha256:2b6cd8974004fa0511f6b6b359d2698214fadeb4599f0b00e8d85ae62b3922d4", url = "https://github.com/mikefarah/yq/releases/download/v4.52.2/yq_windows_amd64.exe"}

[[tools."aqua:neovim/neovim"]]
version = "0.11.6"
backend = "aqua:neovim/neovim"
"platforms.linux-arm64" = { checksum = "sha256:8ddc0c101846145e830b17bbca50782ca9307eee4fab539d9e2ddaf8793c06f1", url = "https://github.com/neovim/neovim/releases/download/v0.11.6/nvim-linux-arm64.tar.gz"}
"platforms.linux-x64" = { checksum = "sha256:2fc90b962327f73a78afbfb8203fd19db8db9cdf4ee5e2bef84704339add89cc", url = "https://github.com/neovim/neovim/releases/download/v0.11.6/nvim-linux-x86_64.tar.gz"}
"platforms.macos-arm64" = { checksum = "sha256:d5ee93b67630d5a87f3d336d0f7e8b2fe6973aa653d3cc93b82b820e6538c1dd", url = "https://github.com/neovim/neovim/releases/download/v0.11.6/nvim-macos-arm64.tar.gz"}
"platforms.macos-x64" = { checksum = "sha256:6e665bb0a711cf974050e0f7183dbb696b1e7425814eb87df7cb094a49054a06", url = "https://github.com/neovim/neovim/releases/download/v0.11.6/nvim-macos-x86_64.tar.gz"}
"platforms.windows-x64" = { checksum = "sha256:90fc6d7cdf3d3388737caab1e2c554aa24b468f3a5cc38ef63857ddf1103513c", url = "https://github.com/neovim/neovim/releases/download/v0.11.6/nvim-win64.zip"}

[[tools."aqua:phiresky/ripgrep-all"]]
version = "0.10.10"
backend = "aqua:phiresky/ripgrep-all"
"platforms.linux-arm64" = { checksum = "sha256:2cd875ab6c78b27e4830b5bca92c570a8a8dcfb368bc71b189b65ac01fbc3020", url = "https://github.com/phiresky/ripgrep-all/releases/download/v0.10.10/ripgrep_all-v0.10.10-aarch64-unknown-linux-gnu.tar.gz"}
"platforms.linux-x64" = { checksum = "sha256:a969c25b182ac84aa672518313b5f741091decf7d93d03a020bcfe517b9ff4e8", url = "https://github.com/phiresky/ripgrep-all/releases/download/v0.10.10/ripgrep_all-v0.10.10-x86_64-unknown-linux-musl.tar.gz"}
"platforms.macos-arm64" = { checksum = "sha256:9deeaa927779078568832b5b69ae57986ca917f24974bb4976c062f632846856", url = "https://github.com/phiresky/ripgrep-all/releases/download/v0.10.10/ripgrep_all-v0.10.10-aarch64-apple-darwin.tar.gz"}
"platforms.macos-x64" = { checksum = "sha256:3d9fe75878ddab6a8e7abb66ab13af1bdea2844a02c479fb293b7bfb258ab353", url = "https://github.com/phiresky/ripgrep-all/releases/download/v0.10.10/ripgrep_all-v0.10.10-x86_64-apple-darwin.tar.gz"}

[[tools."aqua:rust-lang/rust-analyzer"]]
version = "2025-12-01"
backend = "aqua:rust-lang/rust-analyzer"
"platforms.linux-arm64" = { checksum = "sha256:f0465c6b32508de20583ebd3b8edda08137cd4beaca22919c29701bbc88238eb", url = "https://github.com/rust-lang/rust-analyzer/releases/download/2025-12-01/rust-analyzer-aarch64-unknown-linux-gnu.gz"}
"platforms.linux-x64" = { checksum = "sha256:94ff40db699ef41500c1ae9a9bdb153662364bf6f4a30a362ff565ef8ab6af6e", url = "https://github.com/rust-lang/rust-analyzer/releases/download/2025-12-01/rust-analyzer-x86_64-unknown-linux-gnu.gz"}
"platforms.macos-arm64" = { checksum = "sha256:8c60788fa0143fc4cbe6ff101c1e6d146c6c5ce6fb2fbed3e5da86f89ff81e17", url = "https://github.com/rust-lang/rust-analyzer/releases/download/2025-12-01/rust-analyzer-aarch64-apple-darwin.gz"}
"platforms.macos-x64" = { checksum = "sha256:ab3b17d7873c1379d51b99a274ab9b1f8984f19cdd20d5a56582e6257b7dbcff", url = "https://github.com/rust-lang/rust-analyzer/releases/download/2025-12-01/rust-analyzer-x86_64-apple-darwin.gz"}
"platforms.windows-x64" = { checksum = "sha256:2ae3cb7a5d227e567fbb737f217c9f2e4640aaf6ecbf0113f08fbded3036d726", url = "https://github.com/rust-lang/rust-analyzer/releases/download/2025-12-01/rust-analyzer-x86_64-pc-windows-msvc.zip"}

[[tools."aqua:starship/starship"]]
version = "1.24.2"
backend = "aqua:starship/starship"
"platforms.linux-arm64" = { checksum = "sha256:56b9ff412bbf374d29b99e5ac09a849124cb37a0a13121e8470df32de53c1ea6", url = "https://github.com/starship/starship/releases/download/v1.24.2/starship-aarch64-unknown-linux-musl.tar.gz"}
"platforms.linux-x64" = { checksum = "sha256:00ff3c1f8ffb59b5c15d4b44c076bcca04d92cf0055c86b916248c14f3ae714a", url = "https://github.com/starship/starship/releases/download/v1.24.2/starship-x86_64-unknown-linux-musl.tar.gz"}
"platforms.macos-arm64" = { checksum = "sha256:d3a0da21374962625a2ee992110979bc1fa33424d7b6aea58a70405e26544fd9", url = "https://github.com/starship/starship/releases/download/v1.24.2/starship-aarch64-apple-darwin.tar.gz"}
"platforms.macos-x64" = { checksum = "sha256:237beb10cc970c4361536e9f9f434dfed755f8282c5cd951b6a7e3fcbda8e779", url = "https://github.com/starship/starship/releases/download/v1.24.2/starship-x86_64-apple-darwin.tar.gz"}
"platforms.windows-x64" = { checksum = "sha256:d38424c595320e9639a276666347d5e44cb004de3972f40b9a5a1a6b88537f29", url = "https://github.com/starship/starship/releases/download/v1.24.2/starship-x86_64-pc-windows-msvc.zip"}

[[tools."aqua:tamasfe/taplo"]]
version = "0.10.0"
backend = "aqua:tamasfe/taplo"
"platforms.linux-arm64" = { url = "https://github.com/tamasfe/taplo/releases/download/0.10.0/taplo-linux-aarch64.gz"}
"platforms.linux-x64" = { url = "https://github.com/tamasfe/taplo/releases/download/0.10.0/taplo-linux-x86_64.gz"}
"platforms.macos-arm64" = { url = "https://github.com/tamasfe/taplo/releases/download/0.10.0/taplo-darwin-aarch64.gz"}
"platforms.macos-x64" = { url = "https://github.com/tamasfe/taplo/releases/download/0.10.0/taplo-darwin-x86_64.gz"}
"platforms.windows-x64" = { url = "https://github.com/tamasfe/taplo/releases/download/0.10.0/taplo-windows-x86_64.zip"}

[[tools."aqua:temporalio/cli"]]
version = "1.5.1"
backend = "aqua:temporalio/cli"
"platforms.linux-arm64" = { checksum = "sha256:bd1b0db9f18b051026de8bf6cc1505f2510f14bbb7a8b9a4a91fff46c77454f5", url = "https://github.com/temporalio/cli/releases/download/v1.5.1/temporal_cli_1.5.1_linux_arm64.tar.gz"}
"platforms.linux-x64" = { checksum = "sha256:ddc95e08b0b076efd4ea9733a3f488eb7d2be875f8834e616cd2a37358b4852d", url = "https://github.com/temporalio/cli/releases/download/v1.5.1/temporal_cli_1.5.1_linux_amd64.tar.gz"}
"platforms.macos-arm64" = { checksum = "sha256:cca01b7ea35ad56e2a328d9ae596bf716bd22313ef63c7a761c88354457c2415", url = "https://github.com/temporalio/cli/releases/download/v1.5.1/temporal_cli_1.5.1_darwin_arm64.tar.gz"}
"platforms.macos-x64" = { checksum = "sha256:bbb73e2a31135abe50a1f1cdb35030c42961df618e8ce9c60ae89f201540c5d9", url = "https://github.com/temporalio/cli/releases/download/v1.5.1/temporal_cli_1.5.1_darwin_amd64.tar.gz"}
"platforms.windows-x64" = { checksum = "sha256:7f9f65b588d4d9fd55733ad688e1ffb964ddbef18255a395ec8b551adbc30d80", url = "https://github.com/temporalio/cli/releases/download/v1.5.1/temporal_cli_1.5.1_windows_amd64.tar.gz"}

[[tools."aqua:twpayne/chezmoi"]]
version = "2.69.3"
backend = "aqua:twpayne/chezmoi"
"platforms.linux-arm64" = { checksum = "sha256:0aef9ef75ee33cffb483a82c474b495d428e0f7941ab7898263c3519006e0662", url = "https://github.com/twpayne/chezmoi/releases/download/v2.69.3/chezmoi_2.69.3_linux_arm64.tar.gz"}
"platforms.linux-x64" = { checksum = "sha256:9b9bf911efed8aba28bd6f5df1e780a6123dc3fb177004c1ca36ec2b9eca7628", url = "https://github.com/twpayne/chezmoi/releases/download/v2.69.3/chezmoi_2.69.3_linux_amd64.tar.gz"}
"platforms.macos-arm64" = { checksum = "sha256:c5717b0d4d84d2941c2582fec26854d316ee5d7c27ec73903f7840554f1baeda", url = "https://github.com/twpayne/chezmoi/releases/download/v2.69.3/chezmoi_2.69.3_darwin_arm64.tar.gz"}
"platforms.macos-x64" = { checksum = "sha256:9dd51eccb801d3557f61c8559f4f31e5ebb21c4a1d983940141383b9b5069458", url = "https://github.com/twpayne/chezmoi/releases/download/v2.69.3/chezmoi_2.69.3_darwin_amd64.tar.gz"}
"platforms.windows-x64" = { checksum = "sha256:6504c72d9e11c57217a6c62586b588bc506f604618d7660a86b848165584af45", url = "https://github.com/twpayne/chezmoi/releases/download/v2.69.3/chezmoi_2.69.3_windows_amd64.zip"}

[[tools."aqua:x-motemen/ghq"]]
version = "1.8.1"
backend = "aqua:x-motemen/ghq"
"platforms.linux-arm64" = { checksum = "sha256:7b6bacd8dca3c3489b0cafe6b10655d16d753c0a3c676e1680d687ec4cdbda0b", url = "https://github.com/x-motemen/ghq/releases/download/v1.8.1/ghq_linux_arm64.zip"}
"platforms.linux-x64" = { checksum = "sha256:61ef8582d3dfe3e8d6ce9c16d7293c704ed881c59b5a12ddcf6ed579ecb6bfaf", url = "https://github.com/x-motemen/ghq/releases/download/v1.8.1/ghq_linux_amd64.zip"}
"platforms.macos-arm64" = { checksum = "sha256:7e2acc04d5993eb88e343cb9403d8052e0e68aa91f21e802326dca8578b14185", url = "https://github.com/x-motemen/ghq/releases/download/v1.8.1/ghq_darwin_arm64.zip"}
"platforms.macos-x64" = { checksum = "sha256:0ca9e21136ffb19c3bf92689ef4e5a6c6c9d32e90fe3efdd8737ff6b8da5a112", url = "https://github.com/x-motemen/ghq/releases/download/v1.8.1/ghq_darwin_amd64.zip"}
"platforms.windows-x64" = { checksum = "sha256:6d9e1728990b110abf4ce7778567085954301f389bd813afb28b155c9947302f", url = "https://github.com/x-motemen/ghq/releases/download/v1.8.1/ghq_windows_amd64.zip"}

[[tools."github:aquaproj/aqua"]]
version = "2.51.2"
backend = "github:aquaproj/aqua"
"platforms.linux-arm64" = { checksum = "sha256:b3f0d573e762ce9d104c671b8224506c4c4a32eedd1e6d7ae1e1e39983cdb6a8", url = "https://github.com/aquaproj/aqua/releases/download/v2.51.2/aqua_linux_arm64.tar.gz", url_api = "https://api.github.com/repos/aquaproj/aqua/releases/assets/253664362"}
"platforms.linux-x64" = { checksum = "sha256:17db2da427bde293b1942e3220675ef796a67f1207daf89e6e80fea8d2bb8c22", url = "https://github.com/aquaproj/aqua/releases/download/v2.51.2/aqua_linux_amd64.tar.gz", url_api = "https://api.github.com/repos/aquaproj/aqua/releases/assets/253664366"}
"platforms.macos-arm64" = { checksum = "sha256:4ff9a263f6125369b391d37ad6593a8b987aae672c311f61859c4db986732357", url = "https://github.com/aquaproj/aqua/releases/download/v2.51.2/aqua_darwin_arm64.tar.gz", url_api = "https://api.github.com/repos/aquaproj/aqua/releases/assets/253664368"}
"platforms.macos-x64" = { checksum = "sha256:ccca5f1c6473aa1fe67f84b244656290ac72e26998ef3479e00843b6b3e52650", url = "https://github.com/aquaproj/aqua/releases/download/v2.51.2/aqua_darwin_amd64.tar.gz", url_api = "https://api.github.com/repos/aquaproj/aqua/releases/assets/253664363"}
"platforms.windows-x64" = { checksum = "sha256:bcac8677b632009ba9b561d38dddb0e07c55c5ac4690e0deb1a24b9e0cf282c8", url = "https://github.com/aquaproj/aqua/releases/download/v2.51.2/aqua_windows_amd64.zip", url_api = "https://api.github.com/repos/aquaproj/aqua/releases/assets/253664361"}

[[tools."github:jgm/pandoc"]]
version = "3.8.3"
backend = "github:jgm/pandoc"
"platforms.linux-arm64" = { checksum = "sha256:166a5a37387eb10bd4c4f242a8109beef755ac1e8d4eb039c6b5ebd1d918d8d7", url = "https://github.com/jgm/pandoc/releases/download/3.8.3/pandoc-3.8.3-linux-arm64.tar.gz", url_api = "https://api.github.com/repos/jgm/pandoc/releases/assets/322857912"}
"platforms.linux-x64" = { checksum = "sha256:c224fab89f827d3623380ecb7c1078c163c769c849a14ac27e8d3bfbb914c9b4", url = "https://github.com/jgm/pandoc/releases/download/3.8.3/pandoc-3.8.3-linux-amd64.tar.gz", url_api = "https://api.github.com/repos/jgm/pandoc/releases/assets/322857855"}
"platforms.macos-arm64" = { checksum = "sha256:3eaeb3bd10982aecba5dd76158745a4f805afb39ab72a519bba2533c98ce002d", url = "https://github.com/jgm/pandoc/releases/download/3.8.3/pandoc-3.8.3-arm64-macOS.zip", url_api = "https://api.github.com/repos/jgm/pandoc/releases/assets/322857775"}
"platforms.macos-x64" = { checksum = "sha256:922e35c0210d7ca20ee9327811361d6d7f0ef0adda089e0e74cb3756c3d713f9", url = "https://github.com/jgm/pandoc/releases/download/3.8.3/pandoc-3.8.3-x86_64-macOS.zip", url_api = "https://api.github.com/repos/jgm/pandoc/releases/assets/322858247"}
"platforms.windows-x64" = { checksum = "sha256:a77c14078a5c4c6e396d5f5c03f4849eff4a858414bb9e69560bb35528cbf57a", url = "https://github.com/jgm/pandoc/releases/download/3.8.3/pandoc-3.8.3-windows-x86_64.zip", url_api = "https://api.github.com/repos/jgm/pandoc/releases/assets/322858053"}

[[tools.go]]
version = "1.25.6"
backend = "core:go"
"platforms.linux-arm64" = { checksum = "sha256:738ef87d79c34272424ccdf83302b7b0300b8b096ed443896089306117943dd5", url = "https://dl.google.com/go/go1.25.6.linux-arm64.tar.gz"}
"platforms.linux-x64" = { checksum = "sha256:f022b6aad78e362bcba9b0b94d09ad58c5a70c6ba3b7582905fababf5fe0181a", url = "https://dl.google.com/go/go1.25.6.linux-amd64.tar.gz"}
"platforms.macos-arm64" = { checksum = "sha256:984521ae978a5377c7d782fd2dd953291840d7d3d0bd95781a1f32f16d94a006", url = "https://dl.google.com/go/go1.25.6.darwin-arm64.tar.gz"}
"platforms.macos-x64" = { checksum = "sha256:e2b5b237f5c262931b8e280ac4b8363f156e19bfad5270c099998932819670b7", url = "https://dl.google.com/go/go1.25.6.darwin-amd64.tar.gz"}
"platforms.windows-x64" = { checksum = "sha256:19b4733b727ba5c611b5656187f3ac367d278d64c3d4199a845e39c0fdac5335", url = "https://dl.google.com/go/go1.25.6.windows-amd64.zip"}

[[tools."go:golang.org/x/tools/gopls"]]
version = "0.21.0"
backend = "go:golang.org/x/tools/gopls"

[[tools.node]]
version = "24.13.0"
backend = "core:node"
"platforms.linux-arm64" = { checksum = "sha256:0f6d40b94c6a2eb6b4c240ffc8b9fd3ada7ab044c177dd413c06e1ef9a63f081", url = "https://nodejs.org/dist/v24.13.0/node-v24.13.0-linux-arm64.tar.gz"}
"platforms.linux-x64" = { checksum = "sha256:6223aad1a81f9d1e7b682c59d12e2de233f7b4c37475cd40d1c89c42b737ffa8", url = "https://nodejs.org/dist/v24.13.0/node-v24.13.0-linux-x64.tar.gz"}
"platforms.macos-arm64" = { checksum = "sha256:d595961e563fcae057d4a0fb992f175a54d97fcc4a14dc2d474d92ddeea3b9f8", url = "https://nodejs.org/dist/v24.13.0/node-v24.13.0-darwin-arm64.tar.gz"}
"platforms.macos-x64" = { checksum = "sha256:6f03c1b48ddbe1b129a6f8038be08e0899f05f17185b4d3e4350180ab669a7f3", url = "https://nodejs.org/dist/v24.13.0/node-v24.13.0-darwin-x64.tar.gz"}
"platforms.windows-x64" = { checksum = "sha256:ca2742695be8de44027d71b3f53a4bdb36009b95575fe1ae6f7f0b5ce091cb88", url = "https://nodejs.org/dist/v24.13.0/node-v24.13.0-win-x64.zip"}

[[tools."npm:@anthropic-ai/claude-code"]]
version = "2.1.31"
backend = "npm:@anthropic-ai/claude-code"

[[tools."npm:@google/gemini-cli"]]
version = "0.27.0"
backend = "npm:@google/gemini-cli"

[[tools."npm:@openai/codex"]]
version = "0.95.0"
backend = "npm:@openai/codex"

[[tools."npm:@typescript/native-preview"]]
version = "7.0.0-dev.20260203.1"
backend = "npm:@typescript/native-preview"

[[tools."npm:cc-sdd"]]
version = "2.1.1"
backend = "npm:cc-sdd"

[[tools."npm:ccusage"]]
version = "18.0.5"
backend = "npm:ccusage"

[[tools."npm:difit"]]
version = "3.1.2"
backend = "npm:difit"

[[tools.pnpm]]
version = "10.28.2"
backend = "aqua:pnpm/pnpm"
"platforms.linux-arm64" = { checksum = "sha256:6f265c811d1aef8e817e0017cd700d0d345a1100bd8a90358db64eaab2fbff85", url = "https://github.com/pnpm/pnpm/releases/download/v10.28.2/pnpm-linux-arm64"}
"platforms.linux-x64" = { checksum = "sha256:9f38396f660cd3b1f71e0b0af0b7ba22dd1fd446dc37840a1b6a025868557390", url = "https://github.com/pnpm/pnpm/releases/download/v10.28.2/pnpm-linux-x64"}
"platforms.macos-arm64" = { checksum = "sha256:38a23bf53d918b5192f71ed58e6df9609da478790f89b20ca5f45c3cd46d1d2c", url = "https://github.com/pnpm/pnpm/releases/download/v10.28.2/pnpm-macos-arm64"}
"platforms.macos-x64" = { checksum = "sha256:2b86ff518aa100701aecb1b37b84e9ba2aaf0b7c1803dcc9b3a0f7d0681bd27d", url = "https://github.com/pnpm/pnpm/releases/download/v10.28.2/pnpm-macos-x64"}
"platforms.windows-x64" = { checksum = "sha256:cc3ee9c282e72b02d7eeb2de6bf232697e3aeddb047ef0822cbcaaf33ee8c01c", url = "https://github.com/pnpm/pnpm/releases/download/v10.28.2/pnpm-win-x64.exe"}
